{
    "_meta": {
        "hash": {
            "sha256": "826605f4b3632fcf2d5c95e02f6b99e19dfa949aac5ec47eb14c7b5467dd720a"
        },
        "pipfile-spec": 6,
        "requires": {
            "python_version": "3.6"
        },
        "sources": [
            {
                "name": "pypi",
                "url": "https://pypi.org/simple",
                "verify_ssl": true
            }
        ]
    },
    "default": {
        "attrs": {
            "hashes": [
                "sha256:69c0dbf2ed392de1cb5ec704444b08a5ef81680a61cb899dc08127123af36a79",
                "sha256:f0b870f674851ecbfbbbd364d6b5cbdff9dcedbc7f3f5e18a6891057f21fe399"
            ],
            "version": "==19.1.0"
        },
        "conformity": {
            "hashes": [
                "sha256:0413f0f931375c0f56e9b870d971e7c0478a06280646b93c96c494d26a20f370",
                "sha256:2b1fb09de9658d30c7403b114ddba11802600c93485ffb3ab77f5f02686c2839"
            ],
            "version": "==1.21.0"
        },
        "currint": {
            "hashes": [
                "sha256:2b4e587bf8ca8e3381aef4ea994d78e3d8ec96dd8f1cf880cea032f59757e933",
                "sha256:50f88bd8e0901aa094195d683e2d6235f10d9a8cf73f4c09b090023d0d396502",
                "sha256:ade55600b9dc2b01076ff85084f697d822928240452d8d3a58b59cc27feabd99"
            ],
            "version": "==1.6.1"
        },
        "msgpack-python": {
            "hashes": [
                "sha256:378cc8a6d3545b532dfd149da715abae4fda2a3adb6d74e525d0d5e51f46909b"
            ],
            "version": "==0.5.6"
        },
        "pysoa": {
            "hashes": [
                "sha256:54abc53f74bd28b071bd0cdd0f9a941e2c913acd684f031a85155d2b2f42d74b",
                "sha256:85d4276079d23f867a5fe6c71f3e62a8086f5edbe53e251c1c4a98f45f316623"
            ],
            "index": "pypi",
            "version": "==0.59.2"
        },
        "redis": {
            "hashes": [
                "sha256:8a1900a9f2a0a44ecf6e8b5eb3e967a9909dfed219ad66df094f27f7d6f330fb",
                "sha256:a22ca993cea2962dbb588f9f30d0015ac4afcc45bee27d3978c0dbe9e97c6c0f"
            ],
            "version": "==2.10.6"
        },
        "six": {
            "hashes": [
                "sha256:3350809f0555b11f552448330d0b52d5f24c91a322ea4a15ef22629740f3761c",
                "sha256:d16a0141ec1a18405cd4ce8b4613101da75da0e9a7aec5bdd4fa804d0e0eba73"
            ],
            "version": "==1.12.0"
        }
    },
    "develop": {}
}
